// !$*UTF8*$!
{
	archiveVersion = 1;
	classes = {
	};
	objectVersion = 56;
	objects = {

/* Begin PBXBuildFile section */
		90A0729B2C7DF04B00D670FF /* Fragestunde_27_08_2024App.swift in Sources */ = {isa = PBXBuildFile; fileRef = 90A0729A2C7DF04B00D670FF /* Fragestunde_27_08_2024App.swift */; };
		90A0729D2C7DF04B00D670FF /* ContentView.swift in Sources */ = {isa = PBXBuildFile; fileRef = 90A0729C2C7DF04B00D670FF /* ContentView.swift */; };
		90A0729F2C7DF04C00D670FF /* Assets.xcassets in Resources */ = {isa = PBXBuildFile; fileRef = 90A0729E2C7DF04C00D670FF /* Assets.xcassets */; };
		90A072A22C7DF04C00D670FF /* Preview Assets.xcassets in Resources */ = {isa = PBXBuildFile; fileRef = 90A072A12C7DF04C00D670FF /* Preview Assets.xcassets */; };
		90A072A92C7DF07400D670FF /* ItemRow.swift in Sources */ = {isa = PBXBuildFile; fileRef = 90A072A82C7DF07400D670FF /* ItemRow.swift */; };
		90A072AB2C7DF22100D670FF /* Person.swift in Sources */ = {isa = PBXBuildFile; fileRef = 90A072AA2C7DF22100D670FF /* Person.swift */; };
		90A072AD2C7DFE7200D670FF /* Distance.swift in Sources */ = {isa = PBXBuildFile; fileRef = 90A072AC2C7DFE7200D670FF /* Distance.swift */; };
		90A072AF2C7E046C00D670FF /* ClassExample.swift in Sources */ = {isa = PBXBuildFile; fileRef = 90A072AE2C7E046C00D670FF /* ClassExample.swift */; };
/* End PBXBuildFile section */

/* Begin PBXFileReference section */
		90A072972C7DF04B00D670FF /* Fragestunde-27-08-2024.app */ = {isa = PBXFileReference; explicitFileType = wrapper.application; includeInIndex = 0; path = "Fragestunde-27-08-2024.app"; sourceTree = BUILT_PRODUCTS_DIR; };
		90A0729A2C7DF04B00D670FF /* Fragestunde_27_08_2024App.swift */ = {isa = PBXFileReference; lastKnownFileType = sourcecode.swift; path = Fragestunde_27_08_2024App.swift; sourceTree = "<group>"; };
		90A0729C2C7DF04B00D670FF /* ContentView.swift */ = {isa = PBXFileReference; lastKnownFileType = sourcecode.swift; path = ContentView.swift; sourceTree = "<group>"; };
		90A0729E2C7DF04C00D670FF /* Assets.xcassets */ = {isa = PBXFileReference; lastKnownFileType = folder.assetcatalog; path = Assets.xcassets; sourceTree = "<group>"; };
		90A072A12C7DF04C00D670FF /* Preview Assets.xcassets */ = {isa = PBXFileReference; lastKnownFileType = folder.assetcatalog; path = "Preview Assets.xcassets"; sourceTree = "<group>"; };
		90A072A82C7DF07400D670FF /* ItemRow.swift */ = {isa = PBXFileReference; lastKnownFileType = sourcecode.swift; path = ItemRow.swift; sourceTree = "<group>"; };
		90A072AA2C7DF22100D670FF /* Person.swift */ = {isa = PBXFileReference; lastKnownFileType = sourcecode.swift; path = Person.swift; sourceTree = "<group>"; };
		90A072AC2C7DFE7200D670FF /* Distance.swift */ = {isa = PBXFileReference; lastKnownFileType = sourcecode.swift; path = Distance.swift; sourceTree = "<group>"; };
		90A072AE2C7E046C00D670FF /* ClassExample.swift */ = {isa = PBXFileReference; lastKnownFileType = sourcecode.swift; path = ClassExample.swift; sourceTree = "<group>"; };
/* End PBXFileReference section */

/* Begin PBXFrameworksBuildPhase section */
		90A072942C7DF04B00D670FF /* Frameworks */ = {
			isa = PBXFrameworksBuildPhase;
			buildActionMask = 2147483647;
			files = (
			);
			runOnlyForDeploymentPostprocessing = 0;
		};
/* End PBXFrameworksBuildPhase section */

/* Begin PBXGroup section */
		90A0728E2C7DF04A00D670FF = {
			isa = PBXGroup;
			children = (
				90A072992C7DF04B00D670FF /* Fragestunde-27-08-2024 */,
				90A072982C7DF04B00D670FF /* Products */,
			);
			sourceTree = "<group>";
		};
		90A072982C7DF04B00D670FF /* Products */ = {
			isa = PBXGroup;
			children = (
				90A072972C7DF04B00D670FF /* Fragestunde-27-08-2024.app */,
			);
			name = Products;
			sourceTree = "<group>";
		};
		90A072992C7DF04B00D670FF /* Fragestunde-27-08-2024 */ = {
			isa = PBXGroup;
			children = (
				90A0729A2C7DF04B00D670FF /* Fragestunde_27_08_2024App.swift */,
				90A0729C2C7DF04B00D670FF /* ContentView.swift */,
				90A072A82C7DF07400D670FF /* ItemRow.swift */,
				90A0729E2C7DF04C00D670FF /* Assets.xcassets */,
				90A072A02C7DF04C00D670FF /* Preview Content */,
				90A072AA2C7DF22100D670FF /* Person.swift */,
				90A072AC2C7DFE7200D670FF /* Distance.swift */,
				90A072AE2C7E046C00D670FF /* ClassExample.swift */,
			);
			path = "Fragestunde-27-08-2024";
			sourceTree = "<group>";
		};
		90A072A02C7DF04C00D670FF /* Preview Content */ = {
			isa = PBXGroup;
			children = (
				90A072A12C7DF04C00D670FF /* Preview Assets.xcassets */,
			);
			path = "Preview Content";
			sourceTree = "<group>";
		};
/* End PBXGroup section */

/* Begin PBXNativeTarget section */
		90A072962C7DF04B00D670FF /* Fragestunde-27-08-2024 */ = {
			isa = PBXNativeTarget;
			buildConfigurationList = 90A072A52C7DF04C00D670FF /* Build configuration list for PBXNativeTarget "Fragestunde-27-08-2024" */;
			buildPhases = (
				90A072932C7DF04B00D670FF /* Sources */,
				90A072942C7DF04B00D670FF /* Frameworks */,
				90A072952C7DF04B00D670FF /* Resources */,
			);
			buildRules = (
			);
			dependencies = (
			);
			name = "Fragestunde-27-08-2024";
			productName = "Fragestunde-27-08-2024";
			productReference = 90A072972C7DF04B00D670FF /* Fragestunde-27-08-2024.app */;
			productType = "com.apple.product-type.application";
		};
/* End PBXNativeTarget section */

/* Begin PBXProject section */
		90A0728F2C7DF04A00D670FF /* Project object */ = {
			isa = PBXProject;
			attributes = {
				BuildIndependentTargetsInParallel = 1;
				LastSwiftUpdateCheck = 1540;
				LastUpgradeCheck = 1540;
				TargetAttributes = {
					90A072962C7DF04B00D670FF = {
						CreatedOnToolsVersion = 15.4;
					};
				};
			};
			buildConfigurationList = 90A072922C7DF04A00D670FF /* Build configuration list for PBXProject "Fragestunde-27-08-2024" */;
			compatibilityVersion = "Xcode 14.0";
			developmentRegion = en;
			hasScannedForEncodings = 0;
			knownRegions = (
				en,
				Base,
			);
			mainGroup = 90A0728E2C7DF04A00D670FF;
			productRefGroup = 90A072982C7DF04B00D670FF /* Products */;
			projectDirPath = "";
			projectRoot = "";
			targets = (
				90A072962C7DF04B00D670FF /* Fragestunde-27-08-2024 */,
			);
		};
/* End PBXProject section */

/* Begin PBXResourcesBuildPhase section */
		90A072952C7DF04B00D670FF /* Resources */ = {
			isa = PBXResourcesBuildPhase;
			buildActionMask = 2147483647;
			files = (
				90A072A22C7DF04C00D670FF /* Preview Assets.xcassets in Resources */,
				90A0729F2C7DF04C00D670FF /* Assets.xcassets in Resources */,
			);
			runOnlyForDeploymentPostprocessing = 0;
		};
/* End PBXResourcesBuildPhase section */

/* Begin PBXSourcesBuildPhase section */
		90A072932C7DF04B00D670FF /* Sources */ = {
			isa = PBXSourcesBuildPhase;
			buildActionMask = 2147483647;
			files = (
				90A072A92C7DF07400D670FF /* ItemRow.swift in Sources */,
				90A072AF2C7E046C00D670FF /* ClassExample.swift in Sources */,
				90A0729D2C7DF04B00D670FF /* ContentView.swift in Sources */,
				90A072AB2C7DF22100D670FF /* Person.swift in Sources */,
				90A0729B2C7DF04B00D670FF /* Fragestunde_27_08_2024App.swift in Sources */,
				90A072AD2C7DFE7200D670FF /* Distance.swift in Sources */,
			);
			runOnlyForDeploymentPostprocessing = 0;
		};
/* End PBXSourcesBuildPhase section */

/* Begin XCBuildConfiguration section */
		90A072A32C7DF04C00D670FF /* Debug */ = {
			isa = XCBuildConfiguration;
			buildSettings = {
				ALWAYS_SEARCH_USER_PATHS = NO;
				ASSETCATALOG_COMPILER_GENERATE_SWIFT_ASSET_SYMBOL_EXTENSIONS = YES;
				CLANG_ANALYZER_NONNULL = YES;
				CLANG_ANALYZER_NUMBER_OBJECT_CONVERSION = YES_AGGRESSIVE;
				CLANG_CXX_LANGUAGE_STANDARD = "gnu++20";
				CLANG_ENABLE_MODULES = YES;
				CLANG_ENABLE_OBJC_ARC = YES;
				CLANG_ENABLE_OBJC_WEAK = YES;
				CLANG_WARN_BLOCK_CAPTURE_AUTORELEASING = YES;
				CLANG_WARN_BOOL_CONVERSION = YES;
				CLANG_WARN_COMMA = YES;
				CLANG_WARN_CONSTANT_CONVERSION = YES;
				CLANG_WARN_DEPRECATED_OBJC_IMPLEMENTATIONS = YES;
				CLANG_WARN_DIRECT_OBJC_ISA_USAGE = YES_ERROR;
				CLANG_WARN_DOCUMENTATION_COMMENTS = YES;
				CLANG_WARN_EMPTY_BODY = YES;
				CLANG_WARN_ENUM_CONVERSION = YES;
				CLANG_WARN_INFINITE_RECURSION = YES;
				CLANG_WARN_INT_CONVERSION = YES;
				CLANG_WARN_NON_LITERAL_NULL_CONVERSION = YES;
				CLANG_WARN_OBJC_IMPLICIT_RETAIN_SELF = YES;
				CLANG_WARN_OBJC_LITERAL_CONVERSION = YES;
				CLANG_WARN_OBJC_ROOT_CLASS = YES_ERROR;
				CLANG_WARN_QUOTED_INCLUDE_IN_FRAMEWORK_HEADER = YES;
				CLANG_WARN_RANGE_LOOP_ANALYSIS = YES;
				CLANG_WARN_STRICT_PROTOTYPES = YES;
				CLANG_WARN_SUSPICIOUS_MOVE = YES;
				CLANG_WARN_UNGUARDED_AVAILABILITY = YES_AGGRESSIVE;
				CLANG_WARN_UNREACHABLE_CODE = YES;
				CLANG_WARN__DUPLICATE_METHOD_MATCH = YES;
				COPY_PHASE_STRIP = NO;
				DEBUG_INFORMATION_FORMAT = dwarf;
				ENABLE_STRICT_OBJC_MSGSEND = YES;
				ENABLE_TESTABILITY = YES;
				ENABLE_USER_SCRIPT_SANDBOXING = YES;
				GCC_C_LANGUAGE_STANDARD = gnu17;
				GCC_DYNAMIC_NO_PIC = NO;
				GCC_NO_COMMON_BLOCKS = YES;
				GCC_OPTIMIZATION_LEVEL = 0;
				GCC_PREPROCESSOR_DEFINITIONS = (
					"DEBUG=1",
					"$(inherited)",
				);
				GCC_WARN_64_TO_32_BIT_CONVERSION = YES;
				GCC_WARN_ABOUT_RETURN_TYPE = YES_ERROR;
				GCC_WARN_UNDECLARED_SELECTOR = YES;
				GCC_WARN_UNINITIALIZED_AUTOS = YES_AGGRESSIVE;
				GCC_WARN_UNUSED_FUNCTION = YES;
				GCC_WARN_UNUSED_VARIABLE = YES;
				IPHONEOS_DEPLOYMENT_TARGET = 17.5;
				LOCALIZATION_PREFERS_STRING_CATALOGS = YES;
				MTL_ENABLE_DEBUG_INFO = INCLUDE_SOURCE;
				MTL_FAST_MATH = YES;
				ONLY_ACTIVE_ARCH = YES;
				SDKROOT = iphoneos;
				SWIFT_ACTIVE_COMPILATION_CONDITIONS = "DEBUG $(inherited)";
				SWIFT_OPTIMIZATION_LEVEL = "-Onone";
			};
			name = Debug;
		};
		90A072A42C7DF04C00D670FF /* Release */ = {
			isa = XCBuildConfiguration;
			buildSettings = {
				ALWAYS_SEARCH_USER_PATHS = NO;
				ASSETCATALOG_COMPILER_GENERATE_SWIFT_ASSET_SYMBOL_EXTENSIONS = YES;
				CLANG_ANALYZER_NONNULL = YES;
				CLANG_ANALYZER_NUMBER_OBJECT_CONVERSION = YES_AGGRESSIVE;
				CLANG_CXX_LANGUAGE_STANDARD = "gnu++20";
				CLANG_ENABLE_MODULES = YES;
				CLANG_ENABLE_OBJC_ARC = YES;
				CLANG_ENABLE_OBJC_WEAK = YES;
				CLANG_WARN_BLOCK_CAPTURE_AUTORELEASING = YES;
				CLANG_WARN_BOOL_CONVERSION = YES;
				CLANG_WARN_COMMA = YES;
				CLANG_WARN_CONSTANT_CONVERSION = YES;
				CLANG_WARN_DEPRECATED_OBJC_IMPLEMENTATIONS = YES;
				CLANG_WARN_DIRECT_OBJC_ISA_USAGE = YES_ERROR;
				CLANG_WARN_DOCUMENTATION_COMMENTS = YES;
				CLANG_WARN_EMPTY_BODY = YES;
				CLANG_WARN_ENUM_CONVERSION = YES;
				CLANG_WARN_INFINITE_RECURSION = YES;
				CLANG_WARN_INT_CONVERSION = YES;
				CLANG_WARN_NON_LITERAL_NULL_CONVERSION = YES;
				CLANG_WARN_OBJC_IMPLICIT_RETAIN_SELF = YES;
				CLANG_WARN_OBJC_LITERAL_CONVERSION = YES;
				CLANG_WARN_OBJC_ROOT_CLASS = YES_ERROR;
				CLANG_WARN_QUOTED_INCLUDE_IN_FRAMEWORK_HEADER = YES;
				CLANG_WARN_RANGE_LOOP_ANALYSIS = YES;
				CLANG_WARN_STRICT_PROTOTYPES = YES;
				CLANG_WARN_SUSPICIOUS_MOVE = YES;
				CLANG_WARN_UNGUARDED_AVAILABILITY = YES_AGGRESSIVE;
				CLANG_WARN_UNREACHABLE_CODE = YES;
				CLANG_WARN__DUPLICATE_METHOD_MATCH = YES;
				COPY_PHASE_STRIP = NO;
				DEBUG_INFORMATION_FORMAT = "dwarf-with-dsym";
				ENABLE_NS_ASSERTIONS = NO;
				ENABLE_STRICT_OBJC_MSGSEND = YES;
				ENABLE_USER_SCRIPT_SANDBOXING = YES;
				GCC_C_LANGUAGE_STANDARD = gnu17;
				GCC_NO_COMMON_BLOCKS = YES;
				GCC_WARN_64_TO_32_BIT_CONVERSION = YES;
				GCC_WARN_ABOUT_RETURN_TYPE = YES_ERROR;
				GCC_WARN_UNDECLARED_SELECTOR = YES;
				GCC_WARN_UNINITIALIZED_AUTOS = YES_AGGRESSIVE;
				GCC_WARN_UNUSED_FUNCTION = YES;
				GCC_WARN_UNUSED_VARIABLE = YES;
				IPHONEOS_DEPLOYMENT_TARGET = 17.5;
				LOCALIZATION_PREFERS_STRING_CATALOGS = YES;
				MTL_ENABLE_DEBUG_INFO = NO;
				MTL_FAST_MATH = YES;
				SDKROOT = iphoneos;
				SWIFT_COMPILATION_MODE = wholemodule;
				VALIDATE_PRODUCT = YES;
			};
			name = Release;
		};
		90A072A62C7DF04C00D670FF /* Debug */ = {
			isa = XCBuildConfiguration;
			buildSettings = {
				ASSETCATALOG_COMPILER_APPICON_NAME = AppIcon;
				ASSETCATALOG_COMPILER_GLOBAL_ACCENT_COLOR_NAME = AccentColor;
				CODE_SIGN_STYLE = Automatic;
				CURRENT_PROJECT_VERSION = 1;
				DEVELOPMENT_ASSET_PATHS = "\"Fragestunde-27-08-2024/Preview Content\"";
				ENABLE_PREVIEWS = YES;
				GENERATE_INFOPLIST_FILE = YES;
				INFOPLIST_KEY_UIApplicationSceneManifest_Generation = YES;
				INFOPLIST_KEY_UIApplicationSupportsIndirectInputEvents = YES;
				INFOPLIST_KEY_UILaunchScreen_Generation = YES;
				INFOPLIST_KEY_UISupportedInterfaceOrientations_iPad = "UIInterfaceOrientationPortrait UIInterfaceOrientationPortraitUpsideDown UIInterfaceOrientationLandscapeLeft UIInterfaceOrientationLandscapeRight";
				INFOPLIST_KEY_UISupportedInterfaceOrientations_iPhone = "UIInterfaceOrientationPortrait UIInterfaceOrientationLandscapeLeft UIInterfaceOrientationLandscapeRight";
				LD_RUNPATH_SEARCH_PATHS = (
					"$(inherited)",
					"@executable_path/Frameworks",
				);
				MARKETING_VERSION = 1.0;
				PRODUCT_BUNDLE_IDENTIFIER = "syntax.Fragestunde-27-08-2024";
				PRODUCT_NAME = "$(TARGET_NAME)";
				SWIFT_EMIT_LOC_STRINGS = YES;
				SWIFT_VERSION = 5.0;
				TARGETED_DEVICE_FAMILY = "1,2";
			};
			name = Debug;
		};
		90A072A72C7DF04C00D670FF /* Release */ = {
			isa = XCBuildConfiguration;
			buildSettings = {
				ASSETCATALOG_COMPILER_APPICON_NAME = AppIcon;
				ASSETCATALOG_COMPILER_GLOBAL_ACCENT_COLOR_NAME = AccentColor;
				CODE_SIGN_STYLE = Automatic;
				CURRENT_PROJECT_VERSION = 1;
				DEVELOPMENT_ASSET_PATHS = "\"Fragestunde-27-08-2024/Preview Content\"";
				ENABLE_PREVIEWS = YES;
				GENERATE_INFOPLIST_FILE = YES;
				INFOPLIST_KEY_UIApplicationSceneManifest_Generation = YES;
				INFOPLIST_KEY_UIApplicationSupportsIndirectInputEvents = YES;
				INFOPLIST_KEY_UILaunchScreen_Generation = YES;
				INFOPLIST_KEY_UISupportedInterfaceOrientations_iPad = "UIInterfaceOrientationPortrait UIInterfaceOrientationPortraitUpsideDown UIInterfaceOrientationLandscapeLeft UIInterfaceOrientationLandscapeRight";
				INFOPLIST_KEY_UISupportedInterfaceOrientations_iPhone = "UIInterfaceOrientationPortrait UIInterfaceOrientationLandscapeLeft UIInterfaceOrientationLandscapeRight";
				LD_RUNPATH_SEARCH_PATHS = (
					"$(inherited)",
					"@executable_path/Frameworks",
				);
				MARKETING_VERSION = 1.0;
				PRODUCT_BUNDLE_IDENTIFIER = "syntax.Fragestunde-27-08-2024";
				PRODUCT_NAME = "$(TARGET_NAME)";
				SWIFT_EMIT_LOC_STRINGS = YES;
				SWIFT_VERSION = 5.0;
				TARGETED_DEVICE_FAMILY = "1,2";
			};
			name = Release;
		};
/* End XCBuildConfiguration section */

/* Begin XCConfigurationList section */
		90A072922C7DF04A00D670FF /* Build configuration list for PBXProject "Fragestunde-27-08-2024" */ = {
			isa = XCConfigurationList;
			buildConfigurations = (
				90A072A32C7DF04C00D670FF /* Debug */,
				90A072A42C7DF04C00D670FF /* Release */,
			);
			defaultConfigurationIsVisible = 0;
			defaultConfigurationName = Release;
		};
		90A072A52C7DF04C00D670FF /* Build configuration list for PBXNativeTarget "Fragestunde-27-08-2024" */ = {
			isa = XCConfigurationList;
			buildConfigurations = (
				90A072A62C7DF04C00D670FF /* Debug */,
				90A072A72C7DF04C00D670FF /* Release */,
			);
			defaultConfigurationIsVisible = 0;
			defaultConfigurationName = Release;
		};
/* End XCConfigurationList section */
	};
	rootObject = 90A0728F2C7DF04A00D670FF /* Project object */;
}
